
Microsoft Visual Studio Solution File, Format Version 12.00
# Visual Studio Version 16
VisualStudioVersion = 16.0.31729.503
MinimumVisualStudioVersion = 10.0.40219.1
Project("{FAE04EC0-301F-11D3-BF4B-00C04F79EFBC}") = "ConsoleApp1", "ConsoleApp1.csproj", "{0E8BEEC2-66EB-4933-BA26-DB5573D3A3AE}"
EndProject
Global
	GlobalSection(SolutionConfigurationPlatforms) = preSolution
		Debug|Any CPU = Debug|Any CPU
		Release|Any CPU = Release|Any CPU
	EndGlobalSection
	GlobalSection(ProjectConfigurationPlatforms) = postSolution
		{0E8BEEC2-66EB-4933-BA26-DB5573D3A3AE}.Debug|Any CPU.ActiveCfg = Debug|Any CPU
		{0E8BEEC2-66EB-4933-BA26-DB5573D3A3AE}.Debug|Any CPU.Build.0 = Debug|Any CPU
		{0E8BEEC2-66EB-4933-BA26-DB5573D3A3AE}.Release|Any CPU.ActiveCfg = Release|Any CPU
		{0E8BEEC2-66EB-4933-BA26-DB5573D3A3AE}.Release|Any CPU.Build.0 = Release|Any CPU
	EndGlobalSection
	GlobalSection(SolutionProperties) = preSolution
		HideSolutionNode = FALSE
	EndGlobalSection
	GlobalSection(ExtensibilityGlobals) = postSolution
		SolutionGuid = {7941F2DB-D91D-4C62-BF4B-30C7B780E55F}
	EndGlobalSection
EndGlobal
